
Microsoft Visual Studio Solution File, Format Version 12.00
# Visual Studio Version 17
VisualStudioVersion = 17.5.33627.172
MinimumVisualStudioVersion = 10.0.40219.1
Project("{9A19103F-16F7-4668-BE54-9A1E7A4F7556}") = "WorkProgMain", "WorkProgMain.csproj", "{DE6F34A4-E275-4B8A-9ABB-73F0FBED14DF}"
EndProject
Project("{9A19103F-16F7-4668-BE54-9A1E7A4F7556}") = "Communications", "..\Communications\Communications.csproj", "{A28ECF74-9275-49DC-ABED-DCA5E3591BCC}"
EndProject
Project("{9A19103F-16F7-4668-BE54-9A1E7A4F7556}") = "Core", "..\Core\Core.csproj", "{601CF352-E387-42CB-BB3E-7BDF10F52BB9}"
EndProject
Project("{9A19103F-16F7-4668-BE54-9A1E7A4F7556}") = "ExceptLog", "..\ExceptLog\ExceptLog.csproj", "{AF9E52E1-EA54-478A-8533-4B670104B75C}"
EndProject
Project("{9A19103F-16F7-4668-BE54-9A1E7A4F7556}") = "Xceed.Wpf.Toolkit.NET5", "..\Device3\wpftoolkit\ExtendedWPFToolkitSolution\Src\Xceed.Wpf.Toolkit\Xceed.Wpf.Toolkit.NET5.csproj", "{CBE56FD4-2701-4310-92C3-0715A091C63D}"
EndProject
Project("{9A19103F-16F7-4668-BE54-9A1E7A4F7556}") = "Xceed.Wpf.AvalonDock.NET5", "..\Device3\wpftoolkit\ExtendedWPFToolkitSolution\Src\Xceed.Wpf.AvalonDock\Xceed.Wpf.AvalonDock.NET5.csproj", "{C6C27F47-0920-4BD5-B69F-62B1EC46C8D7}"
EndProject
Project("{9A19103F-16F7-4668-BE54-9A1E7A4F7556}") = "WpfDialogs", "..\WpfDialogs\WpfDialogs.csproj", "{41194763-314F-453D-AC72-5312788EF486}"
EndProject
Project("{9A19103F-16F7-4668-BE54-9A1E7A4F7556}") = "SerialPortTest", "..\SerialPortTest\SerialPortTest.csproj", "{3ACE3063-D67E-41A0-9C03-06AF53E6B854}"
EndProject
Global
	GlobalSection(SolutionConfigurationPlatforms) = preSolution
		Debug|Any CPU = Debug|Any CPU
		Release|Any CPU = Release|Any CPU
	EndGlobalSection
	GlobalSection(ProjectConfigurationPlatforms) = postSolution
		{DE6F34A4-E275-4B8A-9ABB-73F0FBED14DF}.Debug|Any CPU.ActiveCfg = Debug|Any CPU
		{DE6F34A4-E275-4B8A-9ABB-73F0FBED14DF}.Debug|Any CPU.Build.0 = Debug|Any CPU
		{DE6F34A4-E275-4B8A-9ABB-73F0FBED14DF}.Release|Any CPU.ActiveCfg = Release|Any CPU
		{DE6F34A4-E275-4B8A-9ABB-73F0FBED14DF}.Release|Any CPU.Build.0 = Release|Any CPU
		{A28ECF74-9275-49DC-ABED-DCA5E3591BCC}.Debug|Any CPU.ActiveCfg = Debug|Any CPU
		{A28ECF74-9275-49DC-ABED-DCA5E3591BCC}.Debug|Any CPU.Build.0 = Debug|Any CPU
		{A28ECF74-9275-49DC-ABED-DCA5E3591BCC}.Release|Any CPU.ActiveCfg = Release|Any CPU
		{A28ECF74-9275-49DC-ABED-DCA5E3591BCC}.Release|Any CPU.Build.0 = Release|Any CPU
		{601CF352-E387-42CB-BB3E-7BDF10F52BB9}.Debug|Any CPU.ActiveCfg = Debug|Any CPU
		{601CF352-E387-42CB-BB3E-7BDF10F52BB9}.Debug|Any CPU.Build.0 = Debug|Any CPU
		{601CF352-E387-42CB-BB3E-7BDF10F52BB9}.Release|Any CPU.ActiveCfg = Release|Any CPU
		{601CF352-E387-42CB-BB3E-7BDF10F52BB9}.Release|Any CPU.Build.0 = Release|Any CPU
		{AF9E52E1-EA54-478A-8533-4B670104B75C}.Debug|Any CPU.ActiveCfg = Debug|Any CPU
		{AF9E52E1-EA54-478A-8533-4B670104B75C}.Debug|Any CPU.Build.0 = Debug|Any CPU
		{AF9E52E1-EA54-478A-8533-4B670104B75C}.Release|Any CPU.ActiveCfg = Release|Any CPU
		{AF9E52E1-EA54-478A-8533-4B670104B75C}.Release|Any CPU.Build.0 = Release|Any CPU
		{CBE56FD4-2701-4310-92C3-0715A091C63D}.Debug|Any CPU.ActiveCfg = Debug|Any CPU
		{CBE56FD4-2701-4310-92C3-0715A091C63D}.Debug|Any CPU.Build.0 = Debug|Any CPU
		{CBE56FD4-2701-4310-92C3-0715A091C63D}.Release|Any CPU.ActiveCfg = Release|Any CPU
		{CBE56FD4-2701-4310-92C3-0715A091C63D}.Release|Any CPU.Build.0 = Release|Any CPU
		{C6C27F47-0920-4BD5-B69F-62B1EC46C8D7}.Debug|Any CPU.ActiveCfg = Debug|Any CPU
		{C6C27F47-0920-4BD5-B69F-62B1EC46C8D7}.Debug|Any CPU.Build.0 = Debug|Any CPU
		{C6C27F47-0920-4BD5-B69F-62B1EC46C8D7}.Release|Any CPU.ActiveCfg = Release|Any CPU
		{C6C27F47-0920-4BD5-B69F-62B1EC46C8D7}.Release|Any CPU.Build.0 = Release|Any CPU
		{41194763-314F-453D-AC72-5312788EF486}.Debug|Any CPU.ActiveCfg = Debug|Any CPU
		{41194763-314F-453D-AC72-5312788EF486}.Debug|Any CPU.Build.0 = Debug|Any CPU
		{41194763-314F-453D-AC72-5312788EF486}.Release|Any CPU.ActiveCfg = Release|Any CPU
		{41194763-314F-453D-AC72-5312788EF486}.Release|Any CPU.Build.0 = Release|Any CPU
		{3ACE3063-D67E-41A0-9C03-06AF53E6B854}.Debug|Any CPU.ActiveCfg = Debug|Any CPU
		{3ACE3063-D67E-41A0-9C03-06AF53E6B854}.Debug|Any CPU.Build.0 = Debug|Any CPU
		{3ACE3063-D67E-41A0-9C03-06AF53E6B854}.Release|Any CPU.ActiveCfg = Release|Any CPU
		{3ACE3063-D67E-41A0-9C03-06AF53E6B854}.Release|Any CPU.Build.0 = Release|Any CPU
	EndGlobalSection
	GlobalSection(SolutionProperties) = preSolution
		HideSolutionNode = FALSE
	EndGlobalSection
	GlobalSection(ExtensibilityGlobals) = postSolution
		SolutionGuid = {EF3E8333-07F5-49C8-A5B8-098729EA12FA}
	EndGlobalSection
EndGlobal
